{
  "pins" : [
    {
      "identity" : "dataflowdiagramsdk",
      "kind" : "remoteSourceControl",
      "location" : "https://github.com/Proavatar/DataflowDiagramSDK.git",
      "state" : {
        "branch" : "main",
        "revision" : "6f97705c1763abf7a04721a157e5a259fcd72151"
      }
    }
  ],
  "version" : 2
}
