{
  "pins" : [
    {
      "identity" : "dataflowdiagramsdk",
      "kind" : "remoteSourceControl",
      "location" : "https://github.com/Proavatar/DataflowDiagramSDK.git",
      "state" : {
        "branch" : "main",
        "revision" : "34bed2d4faae1bfd9a02396ec7bda4923298a80b"
      }
    }
  ],
  "version" : 2
}
