{
  "pins" : [
    {
      "identity" : "dataflowdiagramsdk",
      "kind" : "remoteSourceControl",
      "location" : "https://github.com/Proavatar/DataflowDiagramSDK.git",
      "state" : {
        "branch" : "main",
        "revision" : "8709a3792ded1679941d71a0f4245561cfb7252b"
      }
    }
  ],
  "version" : 2
}
